
Microsoft Visual Studio Solution File, Format Version 12.00
# Visual Studio 15
Project("{FAE04EC0-301F-11D3-BF4B-00C04F79EFBC}") = "Assembly-CSharp", "Assembly-CSharp.csproj", "{C2D9F922-E711-3706-5721-F8F296B2A0CC}"
EndProject
Project("{FAE04EC0-301F-11D3-BF4B-00C04F79EFBC}") = "Assembly-CSharp-Editor", "Assembly-CSharp-Editor.csproj", "{D4C1B914-BD3C-961F-D6EF-39A001420AE6}"
EndProject
Global
	GlobalSection(SolutionConfigurationPlatforms) = preSolution
		Debug|Any CPU = Debug|Any CPU
		Release|Any CPU = Release|Any CPU
	EndGlobalSection
	GlobalSection(ProjectConfigurationPlatforms) = postSolution
		{C2D9F922-E711-3706-5721-F8F296B2A0CC}.Debug|Any CPU.ActiveCfg = Debug|Any CPU
		{C2D9F922-E711-3706-5721-F8F296B2A0CC}.Debug|Any CPU.Build.0 = Debug|Any CPU
		{C2D9F922-E711-3706-5721-F8F296B2A0CC}.Release|Any CPU.ActiveCfg = Release|Any CPU
		{C2D9F922-E711-3706-5721-F8F296B2A0CC}.Release|Any CPU.Build.0 = Release|Any CPU
		{D4C1B914-BD3C-961F-D6EF-39A001420AE6}.Debug|Any CPU.ActiveCfg = Debug|Any CPU
		{D4C1B914-BD3C-961F-D6EF-39A001420AE6}.Debug|Any CPU.Build.0 = Debug|Any CPU
		{D4C1B914-BD3C-961F-D6EF-39A001420AE6}.Release|Any CPU.ActiveCfg = Release|Any CPU
		{D4C1B914-BD3C-961F-D6EF-39A001420AE6}.Release|Any CPU.Build.0 = Release|Any CPU
	EndGlobalSection
	GlobalSection(SolutionProperties) = preSolution
		HideSolutionNode = FALSE
	EndGlobalSection
EndGlobal
